// !$*UTF8*$!
{
	archiveVersion = 1;
	classes = {
	};
	objectVersion = 77;
	objects = {

/* Begin PBXContainerItemProxy section */
		B78C43A72D9BCDB7006289A3 /* PBXContainerItemProxy */ = {
			isa = PBXContainerItemProxy;
			containerPortal = B78C43902D9BCDB6006289A3 /* Project object */;
			proxyType = 1;
			remoteGlobalIDString = B78C43972D9BCDB6006289A3;
			remoteInfo = random;
		};
		B78C43B12D9BCDB7006289A3 /* PBXContainerItemProxy */ = {
			isa = PBXContainerItemProxy;
			containerPortal = B78C43902D9BCDB6006289A3 /* Project object */;
			proxyType = 1;
			remoteGlobalIDString = B78C43972D9BCDB6006289A3;
			remoteInfo = random;
		};
/* End PBXContainerItemProxy section */

/* Begin PBXFileReference section */
		B78C43982D9BCDB6006289A3 /* random.app */ = {isa = PBXFileReference; explicitFileType = wrapper.application; includeInIndex = 0; path = random.app; sourceTree = BUILT_PRODUCTS_DIR; };
		B78C43A62D9BCDB7006289A3 /* randomTests.xctest */ = {isa = PBXFileReference; explicitFileType = wrapper.cfbundle; includeInIndex = 0; path = randomTests.xctest; sourceTree = BUILT_PRODUCTS_DIR; };
		B78C43B02D9BCDB7006289A3 /* randomUITests.xctest */ = {isa = PBXFileReference; explicitFileType = wrapper.cfbundle; includeInIndex = 0; path = randomUITests.xctest; sourceTree = BUILT_PRODUCTS_DIR; };
/* End PBXFileReference section */

/* Begin PBXFileSystemSynchronizedRootGroup section */
		B78C439A2D9BCDB6006289A3 /* random */ = {
			isa = PBXFileSystemSynchronizedRootGroup;
			path = random;
			sourceTree = "<group>";
		};
		B78C43A92D9BCDB7006289A3 /* randomTests */ = {
			isa = PBXFileSystemSynchronizedRootGroup;
			path = randomTests;
			sourceTree = "<group>";
		};
		B78C43B32D9BCDB7006289A3 /* randomUITests */ = {
			isa = PBXFileSystemSynchronizedRootGroup;
			path = randomUITests;
			sourceTree = "<group>";
		};
/* End PBXFileSystemSynchronizedRootGroup section */

/* Begin PBXFrameworksBuildPhase section */
		B78C43952D9BCDB6006289A3 /* Frameworks */ = {
			isa = PBXFrameworksBuildPhase;
			buildActionMask = 2147483647;
			files = (
			);
			runOnlyForDeploymentPostprocessing = 0;
		};
		B78C43A32D9BCDB7006289A3 /* Frameworks */ = {
			isa = PBXFrameworksBuildPhase;
			buildActionMask = 2147483647;
			files = (
			);
			runOnlyForDeploymentPostprocessing = 0;
		};
		B78C43AD2D9BCDB7006289A3 /* Frameworks */ = {
			isa = PBXFrameworksBuildPhase;
			buildActionMask = 2147483647;
			files = (
			);
			runOnlyForDeploymentPostprocessing = 0;
		};
/* End PBXFrameworksBuildPhase section */

/* Begin PBXGroup section */
		B78C438F2D9BCDB6006289A3 = {
			isa = PBXGroup;
			children = (
				B78C439A2D9BCDB6006289A3 /* random */,
				B78C43A92D9BCDB7006289A3 /* randomTests */,
				B78C43B32D9BCDB7006289A3 /* randomUITests */,
				B78C43992D9BCDB6006289A3 /* Products */,
			);
			sourceTree = "<group>";
		};
		B78C43992D9BCDB6006289A3 /* Products */ = {
			isa = PBXGroup;
			children = (
				B78C43982D9BCDB6006289A3 /* random.app */,
				B78C43A62D9BCDB7006289A3 /* randomTests.xctest */,
				B78C43B02D9BCDB7006289A3 /* randomUITests.xctest */,
			);
			name = Products;
			sourceTree = "<group>";
		};
/* End PBXGroup section */

/* Begin PBXNativeTarget section */
		B78C43972D9BCDB6006289A3 /* random */ = {
			isa = PBXNativeTarget;
			buildConfigurationList = B78C43BA2D9BCDB7006289A3 /* Build configuration list for PBXNativeTarget "random" */;
			buildPhases = (
				B78C43942D9BCDB6006289A3 /* Sources */,
				B78C43952D9BCDB6006289A3 /* Frameworks */,
				B78C43962D9BCDB6006289A3 /* Resources */,
			);
			buildRules = (
			);
			dependencies = (
			);
			fileSystemSynchronizedGroups = (
				B78C439A2D9BCDB6006289A3 /* random */,
			);
			name = random;
			packageProductDependencies = (
			);
			productName = random;
			productReference = B78C43982D9BCDB6006289A3 /* random.app */;
			productType = "com.apple.product-type.application";
		};
		B78C43A52D9BCDB7006289A3 /* randomTests */ = {
			isa = PBXNativeTarget;
			buildConfigurationList = B78C43BD2D9BCDB7006289A3 /* Build configuration list for PBXNativeTarget "randomTests" */;
			buildPhases = (
				B78C43A22D9BCDB7006289A3 /* Sources */,
				B78C43A32D9BCDB7006289A3 /* Frameworks */,
				B78C43A42D9BCDB7006289A3 /* Resources */,
			);
			buildRules = (
			);
			dependencies = (
				B78C43A82D9BCDB7006289A3 /* PBXTargetDependency */,
			);
			fileSystemSynchronizedGroups = (
				B78C43A92D9BCDB7006289A3 /* randomTests */,
			);
			name = randomTests;
			packageProductDependencies = (
			);
			productName = randomTests;
			productReference = B78C43A62D9BCDB7006289A3 /* randomTests.xctest */;
			productType = "com.apple.product-type.bundle.unit-test";
		};
		B78C43AF2D9BCDB7006289A3 /* randomUITests */ = {
			isa = PBXNativeTarget;
			buildConfigurationList = B78C43C02D9BCDB7006289A3 /* Build configuration list for PBXNativeTarget "randomUITests" */;
			buildPhases = (
				B78C43AC2D9BCDB7006289A3 /* Sources */,
				B78C43AD2D9BCDB7006289A3 /* Frameworks */,
				B78C43AE2D9BCDB7006289A3 /* Resources */,
			);
			buildRules = (
			);
			dependencies = (
				B78C43B22D9BCDB7006289A3 /* PBXTargetDependency */,
			);
			fileSystemSynchronizedGroups = (
				B78C43B32D9BCDB7006289A3 /* randomUITests */,
			);
			name = randomUITests;
			packageProductDependencies = (
			);
			productName = randomUITests;
			productReference = B78C43B02D9BCDB7006289A3 /* randomUITests.xctest */;
			productType = "com.apple.product-type.bundle.ui-testing";
		};
/* End PBXNativeTarget section */

/* Begin PBXProject section */
		B78C43902D9BCDB6006289A3 /* Project object */ = {
			isa = PBXProject;
			attributes = {
				BuildIndependentTargetsInParallel = 1;
				LastSwiftUpdateCheck = 1630;
				LastUpgradeCheck = 1630;
				TargetAttributes = {
					B78C43972D9BCDB6006289A3 = {
						CreatedOnToolsVersion = 16.3;
					};
					B78C43A52D9BCDB7006289A3 = {
						CreatedOnToolsVersion = 16.3;
						TestTargetID = B78C43972D9BCDB6006289A3;
					};
					B78C43AF2D9BCDB7006289A3 = {
						CreatedOnToolsVersion = 16.3;
						TestTargetID = B78C43972D9BCDB6006289A3;
					};
				};
			};
			buildConfigurationList = B78C43932D9BCDB6006289A3 /* Build configuration list for PBXProject "random" */;
			developmentRegion = en;
			hasScannedForEncodings = 0;
			knownRegions = (
				en,
				Base,
			);
			mainGroup = B78C438F2D9BCDB6006289A3;
			minimizedProjectReferenceProxies = 1;
			preferredProjectObjectVersion = 77;
			productRefGroup = B78C43992D9BCDB6006289A3 /* Products */;
			projectDirPath = "";
			projectRoot = "";
			targets = (
				B78C43972D9BCDB6006289A3 /* random */,
				B78C43A52D9BCDB7006289A3 /* randomTests */,
				B78C43AF2D9BCDB7006289A3 /* randomUITests */,
			);
		};
/* End PBXProject section */

/* Begin PBXResourcesBuildPhase section */
		B78C43962D9BCDB6006289A3 /* Resources */ = {
			isa = PBXResourcesBuildPhase;
			buildActionMask = 2147483647;
			files = (
			);
			runOnlyForDeploymentPostprocessing = 0;
		};
		B78C43A42D9BCDB7006289A3 /* Resources */ = {
			isa = PBXResourcesBuildPhase;
			buildActionMask = 2147483647;
			files = (
			);
			runOnlyForDeploymentPostprocessing = 0;
		};
		B78C43AE2D9BCDB7006289A3 /* Resources */ = {
			isa = PBXResourcesBuildPhase;
			buildActionMask = 2147483647;
			files = (
			);
			runOnlyForDeploymentPostprocessing = 0;
		};
/* End PBXResourcesBuildPhase section */

/* Begin PBXSourcesBuildPhase section */
		B78C43942D9BCDB6006289A3 /* Sources */ = {
			isa = PBXSourcesBuildPhase;
			buildActionMask = 2147483647;
			files = (
			);
			runOnlyForDeploymentPostprocessing = 0;
		};
		B78C43A22D9BCDB7006289A3 /* Sources */ = {
			isa = PBXSourcesBuildPhase;
			buildActionMask = 2147483647;
			files = (
			);
			runOnlyForDeploymentPostprocessing = 0;
		};
		B78C43AC2D9BCDB7006289A3 /* Sources */ = {
			isa = PBXSourcesBuildPhase;
			buildActionMask = 2147483647;
			files = (
			);
			runOnlyForDeploymentPostprocessing = 0;
		};
/* End PBXSourcesBuildPhase section */

/* Begin PBXTargetDependency section */
		B78C43A82D9BCDB7006289A3 /* PBXTargetDependency */ = {
			isa = PBXTargetDependency;
			target = B78C43972D9BCDB6006289A3 /* random */;
			targetProxy = B78C43A72D9BCDB7006289A3 /* PBXContainerItemProxy */;
		};
		B78C43B22D9BCDB7006289A3 /* PBXTargetDependency */ = {
			isa = PBXTargetDependency;
			target = B78C43972D9BCDB6006289A3 /* random */;
			targetProxy = B78C43B12D9BCDB7006289A3 /* PBXContainerItemProxy */;
		};
/* End PBXTargetDependency section */

/* Begin XCBuildConfiguration section */
		B78C43B82D9BCDB7006289A3 /* Debug */ = {
			isa = XCBuildConfiguration;
			buildSettings = {
				ALWAYS_SEARCH_USER_PATHS = NO;
				ASSETCATALOG_COMPILER_GENERATE_SWIFT_ASSET_SYMBOL_EXTENSIONS = YES;
				CLANG_ANALYZER_NONNULL = YES;
				CLANG_ANALYZER_NUMBER_OBJECT_CONVERSION = YES_AGGRESSIVE;
				CLANG_CXX_LANGUAGE_STANDARD = "gnu++20";
				CLANG_ENABLE_MODULES = YES;
				CLANG_ENABLE_OBJC_ARC = YES;
				CLANG_ENABLE_OBJC_WEAK = YES;
				CLANG_WARN_BLOCK_CAPTURE_AUTORELEASING = YES;
				CLANG_WARN_BOOL_CONVERSION = YES;
				CLANG_WARN_COMMA = YES;
				CLANG_WARN_CONSTANT_CONVERSION = YES;
				CLANG_WARN_DEPRECATED_OBJC_IMPLEMENTATIONS = YES;
				CLANG_WARN_DIRECT_OBJC_ISA_USAGE = YES_ERROR;
				CLANG_WARN_DOCUMENTATION_COMMENTS = YES;
				CLANG_WARN_EMPTY_BODY = YES;
				CLANG_WARN_ENUM_CONVERSION = YES;
				CLANG_WARN_INFINITE_RECURSION = YES;
				CLANG_WARN_INT_CONVERSION = YES;
				CLANG_WARN_NON_LITERAL_NULL_CONVERSION = YES;
				CLANG_WARN_OBJC_IMPLICIT_RETAIN_SELF = YES;
				CLANG_WARN_OBJC_LITERAL_CONVERSION = YES;
				CLANG_WARN_OBJC_ROOT_CLASS = YES_ERROR;
				CLANG_WARN_QUOTED_INCLUDE_IN_FRAMEWORK_HEADER = YES;
				CLANG_WARN_RANGE_LOOP_ANALYSIS = YES;
				CLANG_WARN_STRICT_PROTOTYPES = YES;
				CLANG_WARN_SUSPICIOUS_MOVE = YES;
				CLANG_WARN_UNGUARDED_AVAILABILITY = YES_AGGRESSIVE;
				CLANG_WARN_UNREACHABLE_CODE = YES;
				CLANG_WARN__DUPLICATE_METHOD_MATCH = YES;
				COPY_PHASE_STRIP = NO;
				DEBUG_INFORMATION_FORMAT = dwarf;
				ENABLE_STRICT_OBJC_MSGSEND = YES;
				ENABLE_TESTABILITY = YES;
				ENABLE_USER_SCRIPT_SANDBOXING = YES;
				GCC_C_LANGUAGE_STANDARD = gnu17;
				GCC_DYNAMIC_NO_PIC = NO;
				GCC_NO_COMMON_BLOCKS = YES;
				GCC_OPTIMIZATION_LEVEL = 0;
				GCC_PREPROCESSOR_DEFINITIONS = (
					"DEBUG=1",
					"$(inherited)",
				);
				GCC_WARN_64_TO_32_BIT_CONVERSION = YES;
				GCC_WARN_ABOUT_RETURN_TYPE = YES_ERROR;
				GCC_WARN_UNDECLARED_SELECTOR = YES;
				GCC_WARN_UNINITIALIZED_AUTOS = YES_AGGRESSIVE;
				GCC_WARN_UNUSED_FUNCTION = YES;
				GCC_WARN_UNUSED_VARIABLE = YES;
				LOCALIZATION_PREFERS_STRING_CATALOGS = YES;
				MACOSX_DEPLOYMENT_TARGET = 15.4;
				MTL_ENABLE_DEBUG_INFO = INCLUDE_SOURCE;
				MTL_FAST_MATH = YES;
				ONLY_ACTIVE_ARCH = YES;
				SDKROOT = macosx;
				SWIFT_ACTIVE_COMPILATION_CONDITIONS = "DEBUG $(inherited)";
				SWIFT_OPTIMIZATION_LEVEL = "-Onone";
			};
			name = Debug;
		};
		B78C43B92D9BCDB7006289A3 /* Release */ = {
			isa = XCBuildConfiguration;
			buildSettings = {
				ALWAYS_SEARCH_USER_PATHS = NO;
				ASSETCATALOG_COMPILER_GENERATE_SWIFT_ASSET_SYMBOL_EXTENSIONS = YES;
				CLANG_ANALYZER_NONNULL = YES;
				CLANG_ANALYZER_NUMBER_OBJECT_CONVERSION = YES_AGGRESSIVE;
				CLANG_CXX_LANGUAGE_STANDARD = "gnu++20";
				CLANG_ENABLE_MODULES = YES;
				CLANG_ENABLE_OBJC_ARC = YES;
				CLANG_ENABLE_OBJC_WEAK = YES;
				CLANG_WARN_BLOCK_CAPTURE_AUTORELEASING = YES;
				CLANG_WARN_BOOL_CONVERSION = YES;
				CLANG_WARN_COMMA = YES;
				CLANG_WARN_CONSTANT_CONVERSION = YES;
				CLANG_WARN_DEPRECATED_OBJC_IMPLEMENTATIONS = YES;
				CLANG_WARN_DIRECT_OBJC_ISA_USAGE = YES_ERROR;
				CLANG_WARN_DOCUMENTATION_COMMENTS = YES;
				CLANG_WARN_EMPTY_BODY = YES;
				CLANG_WARN_ENUM_CONVERSION = YES;
				CLANG_WARN_INFINITE_RECURSION = YES;
				CLANG_WARN_INT_CONVERSION = YES;
				CLANG_WARN_NON_LITERAL_NULL_CONVERSION = YES;
				CLANG_WARN_OBJC_IMPLICIT_RETAIN_SELF = YES;
				CLANG_WARN_OBJC_LITERAL_CONVERSION = YES;
				CLANG_WARN_OBJC_ROOT_CLASS = YES_ERROR;
				CLANG_WARN_QUOTED_INCLUDE_IN_FRAMEWORK_HEADER = YES;
				CLANG_WARN_RANGE_LOOP_ANALYSIS = YES;
				CLANG_WARN_STRICT_PROTOTYPES = YES;
				CLANG_WARN_SUSPICIOUS_MOVE = YES;
				CLANG_WARN_UNGUARDED_AVAILABILITY = YES_AGGRESSIVE;
				CLANG_WARN_UNREACHABLE_CODE = YES;
				CLANG_WARN__DUPLICATE_METHOD_MATCH = YES;
				COPY_PHASE_STRIP = NO;
				DEBUG_INFORMATION_FORMAT = "dwarf-with-dsym";
				ENABLE_NS_ASSERTIONS = NO;
				ENABLE_STRICT_OBJC_MSGSEND = YES;
				ENABLE_USER_SCRIPT_SANDBOXING = YES;
				GCC_C_LANGUAGE_STANDARD = gnu17;
				GCC_NO_COMMON_BLOCKS = YES;
				GCC_WARN_64_TO_32_BIT_CONVERSION = YES;
				GCC_WARN_ABOUT_RETURN_TYPE = YES_ERROR;
				GCC_WARN_UNDECLARED_SELECTOR = YES;
				GCC_WARN_UNINITIALIZED_AUTOS = YES_AGGRESSIVE;
				GCC_WARN_UNUSED_FUNCTION = YES;
				GCC_WARN_UNUSED_VARIABLE = YES;
				LOCALIZATION_PREFERS_STRING_CATALOGS = YES;
				MACOSX_DEPLOYMENT_TARGET = 15.4;
				MTL_ENABLE_DEBUG_INFO = NO;
				MTL_FAST_MATH = YES;
				SDKROOT = macosx;
				SWIFT_COMPILATION_MODE = wholemodule;
			};
			name = Release;
		};
		B78C43BB2D9BCDB7006289A3 /* Debug */ = {
			isa = XCBuildConfiguration;
			buildSettings = {
				ASSETCATALOG_COMPILER_APPICON_NAME = AppIcon;
				ASSETCATALOG_COMPILER_GLOBAL_ACCENT_COLOR_NAME = AccentColor;
				CODE_SIGN_ENTITLEMENTS = random/random.entitlements;
				CODE_SIGN_STYLE = Automatic;
				COMBINE_HIDPI_IMAGES = YES;
				CURRENT_PROJECT_VERSION = 1;
				ENABLE_PREVIEWS = YES;
				GENERATE_INFOPLIST_FILE = YES;
				INFOPLIST_KEY_NSHumanReadableCopyright = "";
				LD_RUNPATH_SEARCH_PATHS = (
					"$(inherited)",
					"@executable_path/../Frameworks",
				);
				MARKETING_VERSION = 1.0;
				PRODUCT_BUNDLE_IDENTIFIER = SAVAGE.random;
				PRODUCT_NAME = "$(TARGET_NAME)";
				REGISTER_APP_GROUPS = YES;
				SWIFT_EMIT_LOC_STRINGS = YES;
				SWIFT_VERSION = 5.0;
			};
			name = Debug;
		};
		B78C43BC2D9BCDB7006289A3 /* Release */ = {
			isa = XCBuildConfiguration;
			buildSettings = {
				ASSETCATALOG_COMPILER_APPICON_NAME = AppIcon;
				ASSETCATALOG_COMPILER_GLOBAL_ACCENT_COLOR_NAME = AccentColor;
				CODE_SIGN_ENTITLEMENTS = random/random.entitlements;
				CODE_SIGN_STYLE = Automatic;
				COMBINE_HIDPI_IMAGES = YES;
				CURRENT_PROJECT_VERSION = 1;
				ENABLE_PREVIEWS = YES;
				GENERATE_INFOPLIST_FILE = YES;
				INFOPLIST_KEY_NSHumanReadableCopyright = "";
				LD_RUNPATH_SEARCH_PATHS = (
					"$(inherited)",
					"@executable_path/../Frameworks",
				);
				MARKETING_VERSION = 1.0;
				PRODUCT_BUNDLE_IDENTIFIER = SAVAGE.random;
				PRODUCT_NAME = "$(TARGET_NAME)";
				REGISTER_APP_GROUPS = YES;
				SWIFT_EMIT_LOC_STRINGS = YES;
				SWIFT_VERSION = 5.0;
			};
			name = Release;
		};
		B78C43BE2D9BCDB7006289A3 /* Debug */ = {
			isa = XCBuildConfiguration;
			buildSettings = {
				BUNDLE_LOADER = "$(TEST_HOST)";
				CODE_SIGN_STYLE = Automatic;
				CURRENT_PROJECT_VERSION = 1;
				GENERATE_INFOPLIST_FILE = YES;
				MACOSX_DEPLOYMENT_TARGET = 15.4;
				MARKETING_VERSION = 1.0;
				PRODUCT_BUNDLE_IDENTIFIER = SAVAGE.randomTests;
				PRODUCT_NAME = "$(TARGET_NAME)";
				SWIFT_EMIT_LOC_STRINGS = NO;
				SWIFT_VERSION = 5.0;
				TEST_HOST = "$(BUILT_PRODUCTS_DIR)/random.app/$(BUNDLE_EXECUTABLE_FOLDER_PATH)/random";
			};
			name = Debug;
		};
		B78C43BF2D9BCDB7006289A3 /* Release */ = {
			isa = XCBuildConfiguration;
			buildSettings = {
				BUNDLE_LOADER = "$(TEST_HOST)";
				CODE_SIGN_STYLE = Automatic;
				CURRENT_PROJECT_VERSION = 1;
				GENERATE_INFOPLIST_FILE = YES;
				MACOSX_DEPLOYMENT_TARGET = 15.4;
				MARKETING_VERSION = 1.0;
				PRODUCT_BUNDLE_IDENTIFIER = SAVAGE.randomTests;
				PRODUCT_NAME = "$(TARGET_NAME)";
				SWIFT_EMIT_LOC_STRINGS = NO;
				SWIFT_VERSION = 5.0;
				TEST_HOST = "$(BUILT_PRODUCTS_DIR)/random.app/$(BUNDLE_EXECUTABLE_FOLDER_PATH)/random";
			};
			name = Release;
		};
		B78C43C12D9BCDB7006289A3 /* Debug */ = {
			isa = XCBuildConfiguration;
			buildSettings = {
				CODE_SIGN_STYLE = Automatic;
				CURRENT_PROJECT_VERSION = 1;
				GENERATE_INFOPLIST_FILE = YES;
				MARKETING_VERSION = 1.0;
				PRODUCT_BUNDLE_IDENTIFIER = SAVAGE.randomUITests;
				PRODUCT_NAME = "$(TARGET_NAME)";
				SWIFT_EMIT_LOC_STRINGS = NO;
				SWIFT_VERSION = 5.0;
				TEST_TARGET_NAME = random;
			};
			name = Debug;
		};
		B78C43C22D9BCDB7006289A3 /* Release */ = {
			isa = XCBuildConfiguration;
			buildSettings = {
				CODE_SIGN_STYLE = Automatic;
				CURRENT_PROJECT_VERSION = 1;
				GENERATE_INFOPLIST_FILE = YES;
				MARKETING_VERSION = 1.0;
				PRODUCT_BUNDLE_IDENTIFIER = SAVAGE.randomUITests;
				PRODUCT_NAME = "$(TARGET_NAME)";
				SWIFT_EMIT_LOC_STRINGS = NO;
				SWIFT_VERSION = 5.0;
				TEST_TARGET_NAME = random;
			};
			name = Release;
		};
/* End XCBuildConfiguration section */

/* Begin XCConfigurationList section */
		B78C43932D9BCDB6006289A3 /* Build configuration list for PBXProject "random" */ = {
			isa = XCConfigurationList;
			buildConfigurations = (
				B78C43B82D9BCDB7006289A3 /* Debug */,
				B78C43B92D9BCDB7006289A3 /* Release */,
			);
			defaultConfigurationIsVisible = 0;
			defaultConfigurationName = Release;
		};
		B78C43BA2D9BCDB7006289A3 /* Build configuration list for PBXNativeTarget "random" */ = {
			isa = XCConfigurationList;
			buildConfigurations = (
				B78C43BB2D9BCDB7006289A3 /* Debug */,
				B78C43BC2D9BCDB7006289A3 /* Release */,
			);
			defaultConfigurationIsVisible = 0;
			defaultConfigurationName = Release;
		};
		B78C43BD2D9BCDB7006289A3 /* Build configuration list for PBXNativeTarget "randomTests" */ = {
			isa = XCConfigurationList;
			buildConfigurations = (
				B78C43BE2D9BCDB7006289A3 /* Debug */,
				B78C43BF2D9BCDB7006289A3 /* Release */,
			);
			defaultConfigurationIsVisible = 0;
			defaultConfigurationName = Release;
		};
		B78C43C02D9BCDB7006289A3 /* Build configuration list for PBXNativeTarget "randomUITests" */ = {
			isa = XCConfigurationList;
			buildConfigurations = (
				B78C43C12D9BCDB7006289A3 /* Debug */,
				B78C43C22D9BCDB7006289A3 /* Release */,
			);
			defaultConfigurationIsVisible = 0;
			defaultConfigurationName = Release;
		};
/* End XCConfigurationList section */
	};
	rootObject = B78C43902D9BCDB6006289A3 /* Project object */;
}
